version = 1
revision = 3
requires-python = ">=3.12"

[manifest]
members = [
    "vektra-core",
    "vektra-index",
    "vektra-ingest",
    "vektra-shared",
]

[[package]]
name = "vektra-core"
version = "0.1.0"
source = { editable = "vektra-core" }
dependencies = [
    { name = "vektra-shared" },
]

[package.metadata]
requires-dist = [{ name = "vektra-shared", editable = "vektra-shared" }]

[[package]]
name = "vektra-index"
version = "0.1.0"
source = { editable = "vektra-index" }
dependencies = [
    { name = "vektra-shared" },
]

[package.metadata]
requires-dist = [{ name = "vektra-shared", editable = "vektra-shared" }]

[[package]]
name = "vektra-ingest"
version = "0.1.0"
source = { editable = "vektra-ingest" }
dependencies = [
    { name = "vektra-shared" },
]

[package.metadata]
requires-dist = [{ name = "vektra-shared", editable = "vektra-shared" }]

[[package]]
name = "vektra-shared"
version = "0.1.0"
source = { editable = "vektra-shared" }
